
Microsoft Visual Studio Solution File, Format Version 12.00
# Visual Studio Version 17
VisualStudioVersion = 17.0.31912.275
MinimumVisualStudioVersion = 10.0.40219.1
Project("{9A19103F-16F7-4668-BE54-9A1E7A4F7556}") = "BusBookingSystem", "BusBookingSystem\BusBookingSystem.csproj", "{CAE71778-C329-463B-9A6B-0FE5E8119B82}"
EndProject
Project("{9A19103F-16F7-4668-BE54-9A1E7A4F7556}") = "BBS.Domain", "BBS.Domain\BBS.Domain.csproj", "{46308AF2-23AB-4042-95BF-CAB7C3B71E3F}"
EndProject
Project("{9A19103F-16F7-4668-BE54-9A1E7A4F7556}") = "BBS.InfraStructure", "BBS.InfraStructure\BBS.InfraStructure.csproj", "{49A84656-6CFC-4CE1-ABB8-4132BAB62BB5}"
EndProject
Project("{9A19103F-16F7-4668-BE54-9A1E7A4F7556}") = "BBS.Dto", "BBS.Dto\BBS.Dto.csproj", "{C467B102-EBCD-4A0E-9DC7-3A3BB4733A38}"
EndProject
Project("{9A19103F-16F7-4668-BE54-9A1E7A4F7556}") = "BBS.Common", "Common\BBS.Common.csproj", "{1D7ADA63-78ED-49D8-BAE6-C6C2B2681875}"
EndProject
Global
	GlobalSection(SolutionConfigurationPlatforms) = preSolution
		Debug|Any CPU = Debug|Any CPU
		Release|Any CPU = Release|Any CPU
	EndGlobalSection
	GlobalSection(ProjectConfigurationPlatforms) = postSolution
		{CAE71778-C329-463B-9A6B-0FE5E8119B82}.Debug|Any CPU.ActiveCfg = Debug|Any CPU
		{CAE71778-C329-463B-9A6B-0FE5E8119B82}.Debug|Any CPU.Build.0 = Debug|Any CPU
		{CAE71778-C329-463B-9A6B-0FE5E8119B82}.Release|Any CPU.ActiveCfg = Release|Any CPU
		{CAE71778-C329-463B-9A6B-0FE5E8119B82}.Release|Any CPU.Build.0 = Release|Any CPU
		{46308AF2-23AB-4042-95BF-CAB7C3B71E3F}.Debug|Any CPU.ActiveCfg = Debug|Any CPU
		{46308AF2-23AB-4042-95BF-CAB7C3B71E3F}.Debug|Any CPU.Build.0 = Debug|Any CPU
		{46308AF2-23AB-4042-95BF-CAB7C3B71E3F}.Release|Any CPU.ActiveCfg = Release|Any CPU
		{46308AF2-23AB-4042-95BF-CAB7C3B71E3F}.Release|Any CPU.Build.0 = Release|Any CPU
		{49A84656-6CFC-4CE1-ABB8-4132BAB62BB5}.Debug|Any CPU.ActiveCfg = Debug|Any CPU
		{49A84656-6CFC-4CE1-ABB8-4132BAB62BB5}.Debug|Any CPU.Build.0 = Debug|Any CPU
		{49A84656-6CFC-4CE1-ABB8-4132BAB62BB5}.Release|Any CPU.ActiveCfg = Release|Any CPU
		{49A84656-6CFC-4CE1-ABB8-4132BAB62BB5}.Release|Any CPU.Build.0 = Release|Any CPU
		{C467B102-EBCD-4A0E-9DC7-3A3BB4733A38}.Debug|Any CPU.ActiveCfg = Debug|Any CPU
		{C467B102-EBCD-4A0E-9DC7-3A3BB4733A38}.Debug|Any CPU.Build.0 = Debug|Any CPU
		{C467B102-EBCD-4A0E-9DC7-3A3BB4733A38}.Release|Any CPU.ActiveCfg = Release|Any CPU
		{C467B102-EBCD-4A0E-9DC7-3A3BB4733A38}.Release|Any CPU.Build.0 = Release|Any CPU
		{1D7ADA63-78ED-49D8-BAE6-C6C2B2681875}.Debug|Any CPU.ActiveCfg = Debug|Any CPU
		{1D7ADA63-78ED-49D8-BAE6-C6C2B2681875}.Debug|Any CPU.Build.0 = Debug|Any CPU
		{1D7ADA63-78ED-49D8-BAE6-C6C2B2681875}.Release|Any CPU.ActiveCfg = Release|Any CPU
		{1D7ADA63-78ED-49D8-BAE6-C6C2B2681875}.Release|Any CPU.Build.0 = Release|Any CPU
	EndGlobalSection
	GlobalSection(SolutionProperties) = preSolution
		HideSolutionNode = FALSE
	EndGlobalSection
	GlobalSection(ExtensibilityGlobals) = postSolution
		SolutionGuid = {93F9FF2D-70B5-45F2-AA9B-183BBAE5127B}
	EndGlobalSection
EndGlobal
